
Microsoft Visual Studio Solution File, Format Version 12.00
# Visual Studio Version 16
VisualStudioVersion = 16.0.28711.60
MinimumVisualStudioVersion = 10.0.40219.1
Project("{FAE04EC0-301F-11D3-BF4B-00C04F79EFBC}") = "PlayStudiosApi", "PlayStudiosApi\PlayStudiosApi.csproj", "{B847423F-AE95-4BA0-8451-CDE7D0457A01}"
EndProject
Project("{FAE04EC0-301F-11D3-BF4B-00C04F79EFBC}") = "PlayStudiosApi.Tests", "PlayStudiosApi.Tests\PlayStudiosApi.Tests.csproj", "{A88EDFAD-9D29-450F-AED5-7A8E8845A319}"
EndProject
Project("{9A19103F-16F7-4668-BE54-9A1E7A4F7556}") = "PlayStudiosApi.Domain", "PlayStudiosApi.Domain\PlayStudiosApi.Domain.csproj", "{E55E6041-8A3C-4B64-81CF-076154597B88}"
EndProject
Project("{FAE04EC0-301F-11D3-BF4B-00C04F79EFBC}") = "PlayStudiosApi.Services", "PlayStudiosApi.Services\PlayStudiosApi.Services.csproj", "{FDF78B19-EADF-4EC8-A758-5AAF2E6CEC7E}"
EndProject
Project("{FAE04EC0-301F-11D3-BF4B-00C04F79EFBC}") = "PlayStudiosApi.DataAccess", "PlayStudiosApi.DataAccess\PlayStudiosApi.DataAccess.csproj", "{635EDBF7-E230-4493-9903-0F30C1439FD5}"
EndProject
Project("{FAE04EC0-301F-11D3-BF4B-00C04F79EFBC}") = "PlayStudiosApi.Services.Tests", "PlayStudiosApi.Services.Tests\PlayStudiosApi.Services.Tests.csproj", "{697E8FAE-033D-4EA0-B59F-101CA3F39057}"
EndProject
Global
	GlobalSection(SolutionConfigurationPlatforms) = preSolution
		Debug|Any CPU = Debug|Any CPU
		Release|Any CPU = Release|Any CPU
	EndGlobalSection
	GlobalSection(ProjectConfigurationPlatforms) = postSolution
		{B847423F-AE95-4BA0-8451-CDE7D0457A01}.Debug|Any CPU.ActiveCfg = Debug|Any CPU
		{B847423F-AE95-4BA0-8451-CDE7D0457A01}.Debug|Any CPU.Build.0 = Debug|Any CPU
		{B847423F-AE95-4BA0-8451-CDE7D0457A01}.Release|Any CPU.ActiveCfg = Release|Any CPU
		{B847423F-AE95-4BA0-8451-CDE7D0457A01}.Release|Any CPU.Build.0 = Release|Any CPU
		{A88EDFAD-9D29-450F-AED5-7A8E8845A319}.Debug|Any CPU.ActiveCfg = Debug|Any CPU
		{A88EDFAD-9D29-450F-AED5-7A8E8845A319}.Debug|Any CPU.Build.0 = Debug|Any CPU
		{A88EDFAD-9D29-450F-AED5-7A8E8845A319}.Release|Any CPU.ActiveCfg = Release|Any CPU
		{A88EDFAD-9D29-450F-AED5-7A8E8845A319}.Release|Any CPU.Build.0 = Release|Any CPU
		{E55E6041-8A3C-4B64-81CF-076154597B88}.Debug|Any CPU.ActiveCfg = Debug|Any CPU
		{E55E6041-8A3C-4B64-81CF-076154597B88}.Debug|Any CPU.Build.0 = Debug|Any CPU
		{E55E6041-8A3C-4B64-81CF-076154597B88}.Release|Any CPU.ActiveCfg = Release|Any CPU
		{E55E6041-8A3C-4B64-81CF-076154597B88}.Release|Any CPU.Build.0 = Release|Any CPU
		{FDF78B19-EADF-4EC8-A758-5AAF2E6CEC7E}.Debug|Any CPU.ActiveCfg = Debug|Any CPU
		{FDF78B19-EADF-4EC8-A758-5AAF2E6CEC7E}.Debug|Any CPU.Build.0 = Debug|Any CPU
		{FDF78B19-EADF-4EC8-A758-5AAF2E6CEC7E}.Release|Any CPU.ActiveCfg = Release|Any CPU
		{FDF78B19-EADF-4EC8-A758-5AAF2E6CEC7E}.Release|Any CPU.Build.0 = Release|Any CPU
		{635EDBF7-E230-4493-9903-0F30C1439FD5}.Debug|Any CPU.ActiveCfg = Debug|Any CPU
		{635EDBF7-E230-4493-9903-0F30C1439FD5}.Debug|Any CPU.Build.0 = Debug|Any CPU
		{635EDBF7-E230-4493-9903-0F30C1439FD5}.Release|Any CPU.ActiveCfg = Release|Any CPU
		{635EDBF7-E230-4493-9903-0F30C1439FD5}.Release|Any CPU.Build.0 = Release|Any CPU
		{697E8FAE-033D-4EA0-B59F-101CA3F39057}.Debug|Any CPU.ActiveCfg = Debug|Any CPU
		{697E8FAE-033D-4EA0-B59F-101CA3F39057}.Debug|Any CPU.Build.0 = Debug|Any CPU
		{697E8FAE-033D-4EA0-B59F-101CA3F39057}.Release|Any CPU.ActiveCfg = Release|Any CPU
		{697E8FAE-033D-4EA0-B59F-101CA3F39057}.Release|Any CPU.Build.0 = Release|Any CPU
	EndGlobalSection
	GlobalSection(SolutionProperties) = preSolution
		HideSolutionNode = FALSE
	EndGlobalSection
	GlobalSection(ExtensibilityGlobals) = postSolution
		SolutionGuid = {BC09F2E5-F595-40D7-9062-A732404BD2D6}
	EndGlobalSection
EndGlobal
